// !$*UTF8*$!
{
	archiveVersion = 1;
	classes = {
	};
	objectVersion = 50;
	objects = {

/* Begin PBXBuildFile section */
		3F01C0B921AFDC1B0000957B /* bids.jpg in Resources */ = {isa = PBXBuildFile; fileRef = 3F01C0B821AFDC1B0000957B /* bids.jpg */; };
		3F01C0BB21AFDD160000957B /* Bids2.png in Resources */ = {isa = PBXBuildFile; fileRef = 3F01C0BA21AFDD160000957B /* Bids2.png */; };
		3F01C0C221AFEA910000957B /* RegisterViewController.swift in Sources */ = {isa = PBXBuildFile; fileRef = 3F01C0C121AFEA910000957B /* RegisterViewController.swift */; };
		3F33448721B7BF89002767DA /* RegistrationValidation.swift in Sources */ = {isa = PBXBuildFile; fileRef = 3F33448621B7BF89002767DA /* RegistrationValidation.swift */; };
		3F33448921B7BFE8002767DA /* RegistrationValidationProtocol.swift in Sources */ = {isa = PBXBuildFile; fileRef = 3F33448821B7BFE8002767DA /* RegistrationValidationProtocol.swift */; };
		3F33448B21B7C02A002767DA /* Login.swift in Sources */ = {isa = PBXBuildFile; fileRef = 3F33448A21B7C02A002767DA /* Login.swift */; };
		3F33448D21B7D17F002767DA /* LoginViewController.swift in Sources */ = {isa = PBXBuildFile; fileRef = 3F33448C21B7D17F002767DA /* LoginViewController.swift */; };
		3F33449121B7D21A002767DA /* LoginValidation.swift in Sources */ = {isa = PBXBuildFile; fileRef = 3F33449021B7D21A002767DA /* LoginValidation.swift */; };
		3F33449521B7D240002767DA /* LoginValidationProtocol.swift in Sources */ = {isa = PBXBuildFile; fileRef = 3F33449421B7D240002767DA /* LoginValidationProtocol.swift */; };
		3FD99FFA21AE812E00C7B4AC /* AppDelegate.swift in Sources */ = {isa = PBXBuildFile; fileRef = 3FD99FF921AE812E00C7B4AC /* AppDelegate.swift */; };
		3FD99FFC21AE812E00C7B4AC /* ViewController.swift in Sources */ = {isa = PBXBuildFile; fileRef = 3FD99FFB21AE812E00C7B4AC /* ViewController.swift */; };
		3FD99FFF21AE812E00C7B4AC /* Main.storyboard in Resources */ = {isa = PBXBuildFile; fileRef = 3FD99FFD21AE812E00C7B4AC /* Main.storyboard */; };
		3FD9A00121AE813100C7B4AC /* Assets.xcassets in Resources */ = {isa = PBXBuildFile; fileRef = 3FD9A00021AE813100C7B4AC /* Assets.xcassets */; };
		3FD9A00421AE813100C7B4AC /* LaunchScreen.storyboard in Resources */ = {isa = PBXBuildFile; fileRef = 3FD9A00221AE813100C7B4AC /* LaunchScreen.storyboard */; };
		3FDEDC9321AE931E007F236A /* GoogleService-Info.plist in Resources */ = {isa = PBXBuildFile; fileRef = 3FDEDC9221AE931E007F236A /* GoogleService-Info.plist */; };
		D87FC22221B8358800BD94B8 /* BidsTableViewController.swift in Sources */ = {isa = PBXBuildFile; fileRef = D87FC22121B8358800BD94B8 /* BidsTableViewController.swift */; };
		D87FC22621B83B3A00BD94B8 /* ArticleStorage.swift in Sources */ = {isa = PBXBuildFile; fileRef = D87FC22521B83B3A00BD94B8 /* ArticleStorage.swift */; };
		D87FC22821B83DE000BD94B8 /* ArticleService.swift in Sources */ = {isa = PBXBuildFile; fileRef = D87FC22721B83DE000BD94B8 /* ArticleService.swift */; };
		D88EBF2A21B7EAC70066B3C4 /* Bid.swift in Sources */ = {isa = PBXBuildFile; fileRef = D88EBF2921B7EAC70066B3C4 /* Bid.swift */; };
		D88EBF2C21B7EC7E0066B3C4 /* Member.swift in Sources */ = {isa = PBXBuildFile; fileRef = D88EBF2B21B7EC7E0066B3C4 /* Member.swift */; };
		D88EBF2E21B7EDDD0066B3C4 /* Article.swift in Sources */ = {isa = PBXBuildFile; fileRef = D88EBF2D21B7EDDD0066B3C4 /* Article.swift */; };
		D88EBF3121B80CD70066B3C4 /* RootVCProtocol.swift in Sources */ = {isa = PBXBuildFile; fileRef = D88EBF3021B80CD70066B3C4 /* RootVCProtocol.swift */; };
		D94EE5BA99AA95DAA522F5EC /* Pods_Opdracht6_veiling.framework in Frameworks */ = {isa = PBXBuildFile; fileRef = ECE65EE5EB34FFB262E1E8A3 /* Pods_Opdracht6_veiling.framework */; };
/* End PBXBuildFile section */

/* Begin PBXFileReference section */
		3F01C0B821AFDC1B0000957B /* bids.jpg */ = {isa = PBXFileReference; lastKnownFileType = image.jpeg; path = bids.jpg; sourceTree = "<group>"; };
		3F01C0BA21AFDD160000957B /* Bids2.png */ = {isa = PBXFileReference; lastKnownFileType = image.png; path = Bids2.png; sourceTree = "<group>"; };
		3F01C0C121AFEA910000957B /* RegisterViewController.swift */ = {isa = PBXFileReference; lastKnownFileType = sourcecode.swift; path = RegisterViewController.swift; sourceTree = "<group>"; };
		3F33448621B7BF89002767DA /* RegistrationValidation.swift */ = {isa = PBXFileReference; lastKnownFileType = sourcecode.swift; path = RegistrationValidation.swift; sourceTree = "<group>"; };
		3F33448821B7BFE8002767DA /* RegistrationValidationProtocol.swift */ = {isa = PBXFileReference; lastKnownFileType = sourcecode.swift; path = RegistrationValidationProtocol.swift; sourceTree = "<group>"; };
		3F33448A21B7C02A002767DA /* Login.swift */ = {isa = PBXFileReference; lastKnownFileType = sourcecode.swift; path = Login.swift; sourceTree = "<group>"; };
		3F33448C21B7D17F002767DA /* LoginViewController.swift */ = {isa = PBXFileReference; lastKnownFileType = sourcecode.swift; path = LoginViewController.swift; sourceTree = "<group>"; };
		3F33449021B7D21A002767DA /* LoginValidation.swift */ = {isa = PBXFileReference; lastKnownFileType = sourcecode.swift; path = LoginValidation.swift; sourceTree = "<group>"; };
		3F33449421B7D240002767DA /* LoginValidationProtocol.swift */ = {isa = PBXFileReference; lastKnownFileType = sourcecode.swift; path = LoginValidationProtocol.swift; sourceTree = "<group>"; };
		3FD99FF621AE812E00C7B4AC /* Opdracht6_veiling.app */ = {isa = PBXFileReference; explicitFileType = wrapper.application; includeInIndex = 0; path = Opdracht6_veiling.app; sourceTree = BUILT_PRODUCTS_DIR; };
		3FD99FF921AE812E00C7B4AC /* AppDelegate.swift */ = {isa = PBXFileReference; lastKnownFileType = sourcecode.swift; path = AppDelegate.swift; sourceTree = "<group>"; };
		3FD99FFB21AE812E00C7B4AC /* ViewController.swift */ = {isa = PBXFileReference; lastKnownFileType = sourcecode.swift; path = ViewController.swift; sourceTree = "<group>"; };
		3FD99FFE21AE812E00C7B4AC /* Base */ = {isa = PBXFileReference; lastKnownFileType = file.storyboard; name = Base; path = Base.lproj/Main.storyboard; sourceTree = "<group>"; };
		3FD9A00021AE813100C7B4AC /* Assets.xcassets */ = {isa = PBXFileReference; lastKnownFileType = folder.assetcatalog; path = Assets.xcassets; sourceTree = "<group>"; };
		3FD9A00321AE813100C7B4AC /* Base */ = {isa = PBXFileReference; lastKnownFileType = file.storyboard; name = Base; path = Base.lproj/LaunchScreen.storyboard; sourceTree = "<group>"; };
		3FD9A00521AE813100C7B4AC /* Info.plist */ = {isa = PBXFileReference; lastKnownFileType = text.plist.xml; path = Info.plist; sourceTree = "<group>"; };
		3FDEDC9221AE931E007F236A /* GoogleService-Info.plist */ = {isa = PBXFileReference; fileEncoding = 4; lastKnownFileType = text.plist.xml; path = "GoogleService-Info.plist"; sourceTree = "<group>"; };
		98F80464799348779D744A1C /* Pods-Opdracht6_veiling.debug.xcconfig */ = {isa = PBXFileReference; includeInIndex = 1; lastKnownFileType = text.xcconfig; name = "Pods-Opdracht6_veiling.debug.xcconfig"; path = "Pods/Target Support Files/Pods-Opdracht6_veiling/Pods-Opdracht6_veiling.debug.xcconfig"; sourceTree = "<group>"; };
		D87FC22121B8358800BD94B8 /* BidsTableViewController.swift */ = {isa = PBXFileReference; lastKnownFileType = sourcecode.swift; path = BidsTableViewController.swift; sourceTree = "<group>"; };
		D87FC22521B83B3A00BD94B8 /* ArticleStorage.swift */ = {isa = PBXFileReference; lastKnownFileType = sourcecode.swift; path = ArticleStorage.swift; sourceTree = "<group>"; };
		D87FC22721B83DE000BD94B8 /* ArticleService.swift */ = {isa = PBXFileReference; lastKnownFileType = sourcecode.swift; path = ArticleService.swift; sourceTree = "<group>"; };
		D88EBF2921B7EAC70066B3C4 /* Bid.swift */ = {isa = PBXFileReference; lastKnownFileType = sourcecode.swift; path = Bid.swift; sourceTree = "<group>"; };
		D88EBF2B21B7EC7E0066B3C4 /* Member.swift */ = {isa = PBXFileReference; lastKnownFileType = sourcecode.swift; path = Member.swift; sourceTree = "<group>"; };
		D88EBF2D21B7EDDD0066B3C4 /* Article.swift */ = {isa = PBXFileReference; lastKnownFileType = sourcecode.swift; path = Article.swift; sourceTree = "<group>"; };
		D88EBF3021B80CD70066B3C4 /* RootVCProtocol.swift */ = {isa = PBXFileReference; lastKnownFileType = sourcecode.swift; path = RootVCProtocol.swift; sourceTree = "<group>"; };
		ECE65EE5EB34FFB262E1E8A3 /* Pods_Opdracht6_veiling.framework */ = {isa = PBXFileReference; explicitFileType = wrapper.framework; includeInIndex = 0; path = Pods_Opdracht6_veiling.framework; sourceTree = BUILT_PRODUCTS_DIR; };
		FEC949278B7FFEE1FD957BFC /* Pods-Opdracht6_veiling.release.xcconfig */ = {isa = PBXFileReference; includeInIndex = 1; lastKnownFileType = text.xcconfig; name = "Pods-Opdracht6_veiling.release.xcconfig"; path = "Pods/Target Support Files/Pods-Opdracht6_veiling/Pods-Opdracht6_veiling.release.xcconfig"; sourceTree = "<group>"; };
/* End PBXFileReference section */

/* Begin PBXFrameworksBuildPhase section */
		3FD99FF321AE812E00C7B4AC /* Frameworks */ = {
			isa = PBXFrameworksBuildPhase;
			buildActionMask = 2147483647;
			files = (
				D94EE5BA99AA95DAA522F5EC /* Pods_Opdracht6_veiling.framework in Frameworks */,
			);
			runOnlyForDeploymentPostprocessing = 0;
		};
/* End PBXFrameworksBuildPhase section */

/* Begin PBXGroup section */
		3F01C0B721AFDC1B0000957B /* img */ = {
			isa = PBXGroup;
			children = (
				3F01C0BA21AFDD160000957B /* Bids2.png */,
				3F01C0B821AFDC1B0000957B /* bids.jpg */,
			);
			path = img;
			sourceTree = "<group>";
		};
		3F01C0BD21AFEA230000957B /* Models */ = {
			isa = PBXGroup;
			children = (
				3F33448A21B7C02A002767DA /* Login.swift */,
				D88EBF2921B7EAC70066B3C4 /* Bid.swift */,
				D88EBF2B21B7EC7E0066B3C4 /* Member.swift */,
				D88EBF2D21B7EDDD0066B3C4 /* Article.swift */,
			);
			path = Models;
			sourceTree = "<group>";
		};
		3F01C0BE21AFEA360000957B /* Storage */ = {
			isa = PBXGroup;
			children = (
				D88EBF2621B7E9D30066B3C4 /* Registration */,
				D88EBF2521B7E9B80066B3C4 /* Login */,
				D87FC22521B83B3A00BD94B8 /* ArticleStorage.swift */,
			);
			path = Storage;
			sourceTree = "<group>";
		};
		3F01C0BF21AFEA460000957B /* Service */ = {
			isa = PBXGroup;
			children = (
				D87FC22721B83DE000BD94B8 /* ArticleService.swift */,
			);
			path = Service;
			sourceTree = "<group>";
		};
		3F33449221B7D21F002767DA /* Registration */ = {
			isa = PBXGroup;
			children = (
				3F33448821B7BFE8002767DA /* RegistrationValidationProtocol.swift */,
			);
			path = Registration;
			sourceTree = "<group>";
		};
		3F33449321B7D229002767DA /* Login */ = {
			isa = PBXGroup;
			children = (
				3F33449421B7D240002767DA /* LoginValidationProtocol.swift */,
			);
			path = Login;
			sourceTree = "<group>";
		};
		3FD99FED21AE812E00C7B4AC = {
			isa = PBXGroup;
			children = (
				3FD99FF821AE812E00C7B4AC /* Opdracht6_veiling */,
				3FD99FF721AE812E00C7B4AC /* Products */,
				C4BD6888C8A63EA195F17BDB /* Pods */,
				4EB3101C5D45081125E6D8C2 /* Frameworks */,
			);
			sourceTree = "<group>";
		};
		3FD99FF721AE812E00C7B4AC /* Products */ = {
			isa = PBXGroup;
			children = (
				3FD99FF621AE812E00C7B4AC /* Opdracht6_veiling.app */,
			);
			name = Products;
			sourceTree = "<group>";
		};
		3FD99FF821AE812E00C7B4AC /* Opdracht6_veiling */ = {
			isa = PBXGroup;
			children = (
				D88EBF2F21B80C900066B3C4 /* Extra */,
				3F01C0BF21AFEA460000957B /* Service */,
				3F01C0BE21AFEA360000957B /* Storage */,
				3F01C0BD21AFEA230000957B /* Models */,
				3F01C0B721AFDC1B0000957B /* img */,
				3FDEDC9221AE931E007F236A /* GoogleService-Info.plist */,
				3FD99FF921AE812E00C7B4AC /* AppDelegate.swift */,
				3FD99FFB21AE812E00C7B4AC /* ViewController.swift */,
				3FD99FFD21AE812E00C7B4AC /* Main.storyboard */,
				3FD9A00021AE813100C7B4AC /* Assets.xcassets */,
				3FD9A00221AE813100C7B4AC /* LaunchScreen.storyboard */,
				3FD9A00521AE813100C7B4AC /* Info.plist */,
				3F01C0C121AFEA910000957B /* RegisterViewController.swift */,
				3F33448C21B7D17F002767DA /* LoginViewController.swift */,
				D87FC22121B8358800BD94B8 /* BidsTableViewController.swift */,
			);
			path = Opdracht6_veiling;
			sourceTree = "<group>";
		};
		4EB3101C5D45081125E6D8C2 /* Frameworks */ = {
			isa = PBXGroup;
			children = (
				ECE65EE5EB34FFB262E1E8A3 /* Pods_Opdracht6_veiling.framework */,
			);
			name = Frameworks;
			sourceTree = "<group>";
		};
		C4BD6888C8A63EA195F17BDB /* Pods */ = {
			isa = PBXGroup;
			children = (
				98F80464799348779D744A1C /* Pods-Opdracht6_veiling.debug.xcconfig */,
				FEC949278B7FFEE1FD957BFC /* Pods-Opdracht6_veiling.release.xcconfig */,
			);
			name = Pods;
			sourceTree = "<group>";
		};
		D88EBF2521B7E9B80066B3C4 /* Login */ = {
			isa = PBXGroup;
			children = (
				3F33449021B7D21A002767DA /* LoginValidation.swift */,
			);
			path = Login;
			sourceTree = "<group>";
		};
		D88EBF2621B7E9D30066B3C4 /* Registration */ = {
			isa = PBXGroup;
			children = (
				3F33448621B7BF89002767DA /* RegistrationValidation.swift */,
			);
			path = Registration;
			sourceTree = "<group>";
		};
		D88EBF2F21B80C900066B3C4 /* Extra */ = {
			isa = PBXGroup;
			children = (
				3F33449221B7D21F002767DA /* Registration */,
				3F33449321B7D229002767DA /* Login */,
				D88EBF3021B80CD70066B3C4 /* RootVCProtocol.swift */,
			);
			path = Extra;
			sourceTree = "<group>";
		};
/* End PBXGroup section */

/* Begin PBXNativeTarget section */
		3FD99FF521AE812E00C7B4AC /* Opdracht6_veiling */ = {
			isa = PBXNativeTarget;
			buildConfigurationList = 3FD9A00821AE813100C7B4AC /* Build configuration list for PBXNativeTarget "Opdracht6_veiling" */;
			buildPhases = (
				96954C979B465FBE529FB3D5 /* [CP] Check Pods Manifest.lock */,
				3FD99FF221AE812E00C7B4AC /* Sources */,
				3FD99FF321AE812E00C7B4AC /* Frameworks */,
				3FD99FF421AE812E00C7B4AC /* Resources */,
				A26B82BAB4A236BDA86E0321 /* [CP] Embed Pods Frameworks */,
				EEBEA23C6AD3D2E6D06F3B9D /* [CP] Copy Pods Resources */,
			);
			buildRules = (
			);
			dependencies = (
			);
			name = Opdracht6_veiling;
			productName = Opdracht6_veiling;
			productReference = 3FD99FF621AE812E00C7B4AC /* Opdracht6_veiling.app */;
			productType = "com.apple.product-type.application";
		};
/* End PBXNativeTarget section */

/* Begin PBXProject section */
		3FD99FEE21AE812E00C7B4AC /* Project object */ = {
			isa = PBXProject;
			attributes = {
				LastSwiftUpdateCheck = 1000;
				LastUpgradeCheck = 1000;
				ORGANIZATIONNAME = Vives;
				TargetAttributes = {
					3FD99FF521AE812E00C7B4AC = {
						CreatedOnToolsVersion = 10.0;
					};
				};
			};
			buildConfigurationList = 3FD99FF121AE812E00C7B4AC /* Build configuration list for PBXProject "Opdracht6_veiling" */;
			compatibilityVersion = "Xcode 9.3";
			developmentRegion = en;
			hasScannedForEncodings = 0;
			knownRegions = (
				en,
				Base,
			);
			mainGroup = 3FD99FED21AE812E00C7B4AC;
			productRefGroup = 3FD99FF721AE812E00C7B4AC /* Products */;
			projectDirPath = "";
			projectRoot = "";
			targets = (
				3FD99FF521AE812E00C7B4AC /* Opdracht6_veiling */,
			);
		};
/* End PBXProject section */

/* Begin PBXResourcesBuildPhase section */
		3FD99FF421AE812E00C7B4AC /* Resources */ = {
			isa = PBXResourcesBuildPhase;
			buildActionMask = 2147483647;
			files = (
				3FD9A00421AE813100C7B4AC /* LaunchScreen.storyboard in Resources */,
				3F01C0B921AFDC1B0000957B /* bids.jpg in Resources */,
				3FDEDC9321AE931E007F236A /* GoogleService-Info.plist in Resources */,
				3FD9A00121AE813100C7B4AC /* Assets.xcassets in Resources */,
				3F01C0BB21AFDD160000957B /* Bids2.png in Resources */,
				3FD99FFF21AE812E00C7B4AC /* Main.storyboard in Resources */,
			);
			runOnlyForDeploymentPostprocessing = 0;
		};
/* End PBXResourcesBuildPhase section */

/* Begin PBXShellScriptBuildPhase section */
		96954C979B465FBE529FB3D5 /* [CP] Check Pods Manifest.lock */ = {
			isa = PBXShellScriptBuildPhase;
			buildActionMask = 2147483647;
			files = (
			);
			inputFileListPaths = (
			);
			inputPaths = (
				"${PODS_PODFILE_DIR_PATH}/Podfile.lock",
				"${PODS_ROOT}/Manifest.lock",
			);
			name = "[CP] Check Pods Manifest.lock";
			outputFileListPaths = (
			);
			outputPaths = (
				"$(DERIVED_FILE_DIR)/Pods-Opdracht6_veiling-checkManifestLockResult.txt",
			);
			runOnlyForDeploymentPostprocessing = 0;
			shellPath = /bin/sh;
			shellScript = "diff \"${PODS_PODFILE_DIR_PATH}/Podfile.lock\" \"${PODS_ROOT}/Manifest.lock\" > /dev/null\nif [ $? != 0 ] ; then\n    # print error to STDERR\n    echo \"error: The sandbox is not in sync with the Podfile.lock. Run 'pod install' or update your CocoaPods installation.\" >&2\n    exit 1\nfi\n# This output is used by Xcode 'outputs' to avoid re-running this script phase.\necho \"SUCCESS\" > \"${SCRIPT_OUTPUT_FILE_0}\"\n";
			showEnvVarsInLog = 0;
		};
		A26B82BAB4A236BDA86E0321 /* [CP] Embed Pods Frameworks */ = {
			isa = PBXShellScriptBuildPhase;
			buildActionMask = 2147483647;
			files = (
			);
			inputFileListPaths = (
			);
			inputPaths = (
				"${SRCROOT}/Pods/Target Support Files/Pods-Opdracht6_veiling/Pods-Opdracht6_veiling-frameworks.sh",
				"${BUILT_PRODUCTS_DIR}/Bolts/Bolts.framework",
				"${BUILT_PRODUCTS_DIR}/BoringSSL-GRPC/openssl_grpc.framework",
				"${BUILT_PRODUCTS_DIR}/FBSDKCoreKit/FBSDKCoreKit.framework",
				"${BUILT_PRODUCTS_DIR}/FBSDKLoginKit/FBSDKLoginKit.framework",
				"${BUILT_PRODUCTS_DIR}/GTMSessionFetcher/GTMSessionFetcher.framework",
				"${BUILT_PRODUCTS_DIR}/GoogleUtilities/GoogleUtilities.framework",
				"${BUILT_PRODUCTS_DIR}/Protobuf/Protobuf.framework",
				"${BUILT_PRODUCTS_DIR}/gRPC-C++/grpcpp.framework",
				"${BUILT_PRODUCTS_DIR}/gRPC-Core/grpc.framework",
				"${BUILT_PRODUCTS_DIR}/leveldb-library/leveldb.framework",
				"${BUILT_PRODUCTS_DIR}/nanopb/nanopb.framework",
			);
			name = "[CP] Embed Pods Frameworks";
			outputFileListPaths = (
			);
			outputPaths = (
				"${TARGET_BUILD_DIR}/${FRAMEWORKS_FOLDER_PATH}/Bolts.framework",
				"${TARGET_BUILD_DIR}/${FRAMEWORKS_FOLDER_PATH}/openssl_grpc.framework",
				"${TARGET_BUILD_DIR}/${FRAMEWORKS_FOLDER_PATH}/FBSDKCoreKit.framework",
				"${TARGET_BUILD_DIR}/${FRAMEWORKS_FOLDER_PATH}/FBSDKLoginKit.framework",
				"${TARGET_BUILD_DIR}/${FRAMEWORKS_FOLDER_PATH}/GTMSessionFetcher.framework",
				"${TARGET_BUILD_DIR}/${FRAMEWORKS_FOLDER_PATH}/GoogleUtilities.framework",
				"${TARGET_BUILD_DIR}/${FRAMEWORKS_FOLDER_PATH}/Protobuf.framework",
				"${TARGET_BUILD_DIR}/${FRAMEWORKS_FOLDER_PATH}/grpcpp.framework",
				"${TARGET_BUILD_DIR}/${FRAMEWORKS_FOLDER_PATH}/grpc.framework",
				"${TARGET_BUILD_DIR}/${FRAMEWORKS_FOLDER_PATH}/leveldb.framework",
				"${TARGET_BUILD_DIR}/${FRAMEWORKS_FOLDER_PATH}/nanopb.framework",
			);
			runOnlyForDeploymentPostprocessing = 0;
			shellPath = /bin/sh;
			shellScript = "\"${SRCROOT}/Pods/Target Support Files/Pods-Opdracht6_veiling/Pods-Opdracht6_veiling-frameworks.sh\"\n";
			showEnvVarsInLog = 0;
		};
		EEBEA23C6AD3D2E6D06F3B9D /* [CP] Copy Pods Resources */ = {
			isa = PBXShellScriptBuildPhase;
			buildActionMask = 2147483647;
			files = (
			);
			inputFileListPaths = (
			);
			inputPaths = (
				"${SRCROOT}/Pods/Target Support Files/Pods-Opdracht6_veiling/Pods-Opdracht6_veiling-resources.sh",
				"${PODS_CONFIGURATION_BUILD_DIR}/FirebaseFirestore/gRPCCertificates.bundle",
			);
			name = "[CP] Copy Pods Resources";
			outputFileListPaths = (
			);
			outputPaths = (
				"${TARGET_BUILD_DIR}/${UNLOCALIZED_RESOURCES_FOLDER_PATH}/gRPCCertificates.bundle",
			);
			runOnlyForDeploymentPostprocessing = 0;
			shellPath = /bin/sh;
			shellScript = "\"${SRCROOT}/Pods/Target Support Files/Pods-Opdracht6_veiling/Pods-Opdracht6_veiling-resources.sh\"\n";
			showEnvVarsInLog = 0;
		};
/* End PBXShellScriptBuildPhase section */

/* Begin PBXSourcesBuildPhase section */
		3FD99FF221AE812E00C7B4AC /* Sources */ = {
			isa = PBXSourcesBuildPhase;
			buildActionMask = 2147483647;
			files = (
				3F33449521B7D240002767DA /* LoginValidationProtocol.swift in Sources */,
				D87FC22221B8358800BD94B8 /* BidsTableViewController.swift in Sources */,
				3F33448B21B7C02A002767DA /* Login.swift in Sources */,
				3FD99FFC21AE812E00C7B4AC /* ViewController.swift in Sources */,
				D87FC22821B83DE000BD94B8 /* ArticleService.swift in Sources */,
				3F33448921B7BFE8002767DA /* RegistrationValidationProtocol.swift in Sources */,
				3F33448D21B7D17F002767DA /* LoginViewController.swift in Sources */,
				D88EBF2A21B7EAC70066B3C4 /* Bid.swift in Sources */,
				3F33449121B7D21A002767DA /* LoginValidation.swift in Sources */,
				3F33448721B7BF89002767DA /* RegistrationValidation.swift in Sources */,
				D88EBF3121B80CD70066B3C4 /* RootVCProtocol.swift in Sources */,
				D88EBF2E21B7EDDD0066B3C4 /* Article.swift in Sources */,
				3FD99FFA21AE812E00C7B4AC /* AppDelegate.swift in Sources */,
				D87FC22621B83B3A00BD94B8 /* ArticleStorage.swift in Sources */,
				3F01C0C221AFEA910000957B /* RegisterViewController.swift in Sources */,
				D88EBF2C21B7EC7E0066B3C4 /* Member.swift in Sources */,
			);
			runOnlyForDeploymentPostprocessing = 0;
		};
/* End PBXSourcesBuildPhase section */

/* Begin PBXVariantGroup section */
		3FD99FFD21AE812E00C7B4AC /* Main.storyboard */ = {
			isa = PBXVariantGroup;
			children = (
				3FD99FFE21AE812E00C7B4AC /* Base */,
			);
			name = Main.storyboard;
			sourceTree = "<group>";
		};
		3FD9A00221AE813100C7B4AC /* LaunchScreen.storyboard */ = {
			isa = PBXVariantGroup;
			children = (
				3FD9A00321AE813100C7B4AC /* Base */,
			);
			name = LaunchScreen.storyboard;
			sourceTree = "<group>";
		};
/* End PBXVariantGroup section */

/* Begin XCBuildConfiguration section */
		3FD9A00621AE813100C7B4AC /* Debug */ = {
			isa = XCBuildConfiguration;
			buildSettings = {
				ALWAYS_SEARCH_USER_PATHS = NO;
				CLANG_ANALYZER_NONNULL = YES;
				CLANG_ANALYZER_NUMBER_OBJECT_CONVERSION = YES_AGGRESSIVE;
				CLANG_CXX_LANGUAGE_STANDARD = "gnu++14";
				CLANG_CXX_LIBRARY = "libc++";
				CLANG_ENABLE_MODULES = YES;
				CLANG_ENABLE_OBJC_ARC = YES;
				CLANG_ENABLE_OBJC_WEAK = YES;
				CLANG_WARN_BLOCK_CAPTURE_AUTORELEASING = YES;
				CLANG_WARN_BOOL_CONVERSION = YES;
				CLANG_WARN_COMMA = YES;
				CLANG_WARN_CONSTANT_CONVERSION = YES;
				CLANG_WARN_DEPRECATED_OBJC_IMPLEMENTATIONS = YES;
				CLANG_WARN_DIRECT_OBJC_ISA_USAGE = YES_ERROR;
				CLANG_WARN_DOCUMENTATION_COMMENTS = YES;
				CLANG_WARN_EMPTY_BODY = YES;
				CLANG_WARN_ENUM_CONVERSION = YES;
				CLANG_WARN_INFINITE_RECURSION = YES;
				CLANG_WARN_INT_CONVERSION = YES;
				CLANG_WARN_NON_LITERAL_NULL_CONVERSION = YES;
				CLANG_WARN_OBJC_IMPLICIT_RETAIN_SELF = YES;
				CLANG_WARN_OBJC_LITERAL_CONVERSION = YES;
				CLANG_WARN_OBJC_ROOT_CLASS = YES_ERROR;
				CLANG_WARN_RANGE_LOOP_ANALYSIS = YES;
				CLANG_WARN_STRICT_PROTOTYPES = YES;
				CLANG_WARN_SUSPICIOUS_MOVE = YES;
				CLANG_WARN_UNGUARDED_AVAILABILITY = YES_AGGRESSIVE;
				CLANG_WARN_UNREACHABLE_CODE = YES;
				CLANG_WARN__DUPLICATE_METHOD_MATCH = YES;
				CODE_SIGN_IDENTITY = "iPhone Developer";
				COPY_PHASE_STRIP = NO;
				DEBUG_INFORMATION_FORMAT = dwarf;
				ENABLE_STRICT_OBJC_MSGSEND = YES;
				ENABLE_TESTABILITY = YES;
				GCC_C_LANGUAGE_STANDARD = gnu11;
				GCC_DYNAMIC_NO_PIC = NO;
				GCC_NO_COMMON_BLOCKS = YES;
				GCC_OPTIMIZATION_LEVEL = 0;
				GCC_PREPROCESSOR_DEFINITIONS = (
					"DEBUG=1",
					"$(inherited)",
				);
				GCC_WARN_64_TO_32_BIT_CONVERSION = YES;
				GCC_WARN_ABOUT_RETURN_TYPE = YES_ERROR;
				GCC_WARN_UNDECLARED_SELECTOR = YES;
				GCC_WARN_UNINITIALIZED_AUTOS = YES_AGGRESSIVE;
				GCC_WARN_UNUSED_FUNCTION = YES;
				GCC_WARN_UNUSED_VARIABLE = YES;
				IPHONEOS_DEPLOYMENT_TARGET = 12.0;
				MTL_ENABLE_DEBUG_INFO = INCLUDE_SOURCE;
				MTL_FAST_MATH = YES;
				ONLY_ACTIVE_ARCH = YES;
				SDKROOT = iphoneos;
				SWIFT_ACTIVE_COMPILATION_CONDITIONS = DEBUG;
				SWIFT_OPTIMIZATION_LEVEL = "-Onone";
			};
			name = Debug;
		};
		3FD9A00721AE813100C7B4AC /* Release */ = {
			isa = XCBuildConfiguration;
			buildSettings = {
				ALWAYS_SEARCH_USER_PATHS = NO;
				CLANG_ANALYZER_NONNULL = YES;
				CLANG_ANALYZER_NUMBER_OBJECT_CONVERSION = YES_AGGRESSIVE;
				CLANG_CXX_LANGUAGE_STANDARD = "gnu++14";
				CLANG_CXX_LIBRARY = "libc++";
				CLANG_ENABLE_MODULES = YES;
				CLANG_ENABLE_OBJC_ARC = YES;
				CLANG_ENABLE_OBJC_WEAK = YES;
				CLANG_WARN_BLOCK_CAPTURE_AUTORELEASING = YES;
				CLANG_WARN_BOOL_CONVERSION = YES;
				CLANG_WARN_COMMA = YES;
				CLANG_WARN_CONSTANT_CONVERSION = YES;
				CLANG_WARN_DEPRECATED_OBJC_IMPLEMENTATIONS = YES;
				CLANG_WARN_DIRECT_OBJC_ISA_USAGE = YES_ERROR;
				CLANG_WARN_DOCUMENTATION_COMMENTS = YES;
				CLANG_WARN_EMPTY_BODY = YES;
				CLANG_WARN_ENUM_CONVERSION = YES;
				CLANG_WARN_INFINITE_RECURSION = YES;
				CLANG_WARN_INT_CONVERSION = YES;
				CLANG_WARN_NON_LITERAL_NULL_CONVERSION = YES;
				CLANG_WARN_OBJC_IMPLICIT_RETAIN_SELF = YES;
				CLANG_WARN_OBJC_LITERAL_CONVERSION = YES;
				CLANG_WARN_OBJC_ROOT_CLASS = YES_ERROR;
				CLANG_WARN_RANGE_LOOP_ANALYSIS = YES;
				CLANG_WARN_STRICT_PROTOTYPES = YES;
				CLANG_WARN_SUSPICIOUS_MOVE = YES;
				CLANG_WARN_UNGUARDED_AVAILABILITY = YES_AGGRESSIVE;
				CLANG_WARN_UNREACHABLE_CODE = YES;
				CLANG_WARN__DUPLICATE_METHOD_MATCH = YES;
				CODE_SIGN_IDENTITY = "iPhone Developer";
				COPY_PHASE_STRIP = NO;
				DEBUG_INFORMATION_FORMAT = "dwarf-with-dsym";
				ENABLE_NS_ASSERTIONS = NO;
				ENABLE_STRICT_OBJC_MSGSEND = YES;
				GCC_C_LANGUAGE_STANDARD = gnu11;
				GCC_NO_COMMON_BLOCKS = YES;
				GCC_WARN_64_TO_32_BIT_CONVERSION = YES;
				GCC_WARN_ABOUT_RETURN_TYPE = YES_ERROR;
				GCC_WARN_UNDECLARED_SELECTOR = YES;
				GCC_WARN_UNINITIALIZED_AUTOS = YES_AGGRESSIVE;
				GCC_WARN_UNUSED_FUNCTION = YES;
				GCC_WARN_UNUSED_VARIABLE = YES;
				IPHONEOS_DEPLOYMENT_TARGET = 12.0;
				MTL_ENABLE_DEBUG_INFO = NO;
				MTL_FAST_MATH = YES;
				SDKROOT = iphoneos;
				SWIFT_COMPILATION_MODE = wholemodule;
				SWIFT_OPTIMIZATION_LEVEL = "-O";
				VALIDATE_PRODUCT = YES;
			};
			name = Release;
		};
		3FD9A00921AE813100C7B4AC /* Debug */ = {
			isa = XCBuildConfiguration;
			baseConfigurationReference = 98F80464799348779D744A1C /* Pods-Opdracht6_veiling.debug.xcconfig */;
			buildSettings = {
				ASSETCATALOG_COMPILER_APPICON_NAME = AppIcon;
				CODE_SIGN_STYLE = Automatic;
				INFOPLIST_FILE = Opdracht6_veiling/Info.plist;
				LD_RUNPATH_SEARCH_PATHS = (
					"$(inherited)",
					"@executable_path/Frameworks",
				);
				PRODUCT_BUNDLE_IDENTIFIER = "margot.vandenberghe.Opdracht6-veiling";
				PRODUCT_NAME = "$(TARGET_NAME)";
				SWIFT_VERSION = 4.2;
				TARGETED_DEVICE_FAMILY = "1,2";
			};
			name = Debug;
		};
		3FD9A00A21AE813100C7B4AC /* Release */ = {
			isa = XCBuildConfiguration;
			baseConfigurationReference = FEC949278B7FFEE1FD957BFC /* Pods-Opdracht6_veiling.release.xcconfig */;
			buildSettings = {
				ASSETCATALOG_COMPILER_APPICON_NAME = AppIcon;
				CODE_SIGN_STYLE = Automatic;
				INFOPLIST_FILE = Opdracht6_veiling/Info.plist;
				LD_RUNPATH_SEARCH_PATHS = (
					"$(inherited)",
					"@executable_path/Frameworks",
				);
				PRODUCT_BUNDLE_IDENTIFIER = "margot.vandenberghe.Opdracht6-veiling";
				PRODUCT_NAME = "$(TARGET_NAME)";
				SWIFT_VERSION = 4.2;
				TARGETED_DEVICE_FAMILY = "1,2";
			};
			name = Release;
		};
/* End XCBuildConfiguration section */

/* Begin XCConfigurationList section */
		3FD99FF121AE812E00C7B4AC /* Build configuration list for PBXProject "Opdracht6_veiling" */ = {
			isa = XCConfigurationList;
			buildConfigurations = (
				3FD9A00621AE813100C7B4AC /* Debug */,
				3FD9A00721AE813100C7B4AC /* Release */,
			);
			defaultConfigurationIsVisible = 0;
			defaultConfigurationName = Release;
		};
		3FD9A00821AE813100C7B4AC /* Build configuration list for PBXNativeTarget "Opdracht6_veiling" */ = {
			isa = XCConfigurationList;
			buildConfigurations = (
				3FD9A00921AE813100C7B4AC /* Debug */,
				3FD9A00A21AE813100C7B4AC /* Release */,
			);
			defaultConfigurationIsVisible = 0;
			defaultConfigurationName = Release;
		};
/* End XCConfigurationList section */
	};
	rootObject = 3FD99FEE21AE812E00C7B4AC /* Project object */;
}
